{
  "version": 2,
  "dependencies": {
    "net8.0": {
      "Microsoft.TypeChat": {
        "type": "Direct",
        "requested": "[0.1.231012.1-preview, )",
        "resolved": "0.1.231012.1-preview",
        "contentHash": "MG/NDhP6ZRm94Q8+2+tDhde0MZ+nibtP/MQpRLhMmGmEwgsZbgrFvpLyCusDgqG0KoydVVsAMR95EJ2z9XbGLA==",
        "dependencies": {
          "System.ComponentModel.Annotations": "5.0.0",
          "System.Text.Json": "6.0.8"
        }
      },
      "Microsoft.TypeChat.Program": {
        "type": "Direct",
        "requested": "[0.1.231012.1-preview, )",
        "resolved": "0.1.231012.1-preview",
        "contentHash": "/ZNnC3lJsLbHhED3BpXwETLw0iWXvOmyHmG0CeZ5mHiDQ+Agg1HknnBDlB5yWhtwa3oJfEB/egjYTp1nh6Qjww==",
        "dependencies": {
          "Microsoft.CSharp": "4.7.0",
          "Microsoft.CodeAnalysis.CSharp": "4.7.0",
          "Microsoft.TypeChat": "0.1.231012.1-preview"
        }
      },
      "Microsoft.TypeChat.SemanticKernel": {
        "type": "Direct",
        "requested": "[0.1.231012.1-preview, )",
        "resolved": "0.1.231012.1-preview",
        "contentHash": "WJQFwv2gpdXQfqHzzTFaNSOWv8/dLZ9XStBPLE9R0O/2gEYEXSpRfzfQrwV65DFCQPStpeRFM61ztuEk41Yuwg==",
        "dependencies": {
          "Microsoft.CSharp": "4.7.0",
          "Microsoft.SemanticKernel": "0.22.230905.3-preview",
          "Microsoft.TypeChat": "0.1.231012.1-preview"
        }
      },
      "Azure.AI.OpenAI": {
        "type": "Transitive",
        "resolved": "2.7.0-beta.2",
        "contentHash": "HeiOYWoxubHyCPL33hgbGSh1KaDRCofJiyFtaEO86A8RLTZSfoPZx2DosiDZMLCqraOfTSWYaWS0FLxbVHFWzQ==",
        "dependencies": {
          "Azure.Core": "1.50.0",
          "OpenAI": "2.7.0"
        }
      },
      "Azure.Core": {
        "type": "Transitive",
        "resolved": "1.50.0",
        "contentHash": "GBNKZEhdIbTXxedvD3R7I/yDVFX9jJJEz02kCziFSJxspSQ5RMHc3GktulJ1s7+ffXaXD7kMgrtdQTaggyInLw==",
        "dependencies": {
          "Microsoft.Bcl.AsyncInterfaces": "8.0.0",
          "System.ClientModel": "1.8.0",
          "System.Memory.Data": "8.0.1"
        }
      },
      "Microsoft.Bcl.AsyncInterfaces": {
        "type": "Transitive",
        "resolved": "8.0.0",
        "contentHash": "3WA9q9yVqJp222P3x1wYIGDAkpjAku0TMUaaQV22g6L67AI0LdOIrVS7Ht2vJfLHGSPVuqN94vIr15qn+HEkHw=="
      },
      "Microsoft.Bcl.HashCode": {
        "type": "Transitive",
        "resolved": "1.1.1",
        "contentHash": "MalY0Y/uM/LjXtHfX/26l2VtN4LDNZ2OE3aumNOHDLsT4fNYy2hiHXI4CXCqKpNUNm7iJ2brrc4J89UdaL56FA=="
      },
      "Microsoft.CodeAnalysis.Analyzers": {
        "type": "Transitive",
        "resolved": "3.11.0",
        "contentHash": "v/EW3UE8/lbEYHoC2Qq7AR/DnmvpgdtAMndfQNmpuIMx/Mto8L5JnuCfdBYtgvalQOtfNCnxFejxuRrryvUTsg=="
      },
      "Microsoft.CodeAnalysis.Common": {
        "type": "Transitive",
        "resolved": "5.0.0",
        "contentHash": "ZXRAdvH6GiDeHRyd3q/km8Z44RoM6FBWHd+gen/la81mVnAdHTEsEkO5J0TCNXBymAcx5UYKt5TvgKBhaLJEow==",
        "dependencies": {
          "Microsoft.CodeAnalysis.Analyzers": "3.11.0",
          "System.Collections.Immutable": "9.0.0",
          "System.Reflection.Metadata": "9.0.0"
        }
      },
      "Microsoft.Extensions.AI.Abstractions": {
        "type": "Transitive",
        "resolved": "10.2.0",
        "contentHash": "ONGlIBht0ygEdKc0bCt9XWUiq19/460dAu7fCKzPM34OFJSMQIohEDTJwjCJ8vVp8znNakloc9xFF9+R/eDCYQ==",
        "dependencies": {
          "System.Text.Json": "10.0.2"
        }
      },
      "Microsoft.Extensions.AI.OpenAI": {
        "type": "Transitive",
        "resolved": "10.0.1-preview.1.25571.5",
        "contentHash": "IxSdb75Di7Ryper1O86vSpxKs+pvC72Q+wuzSGd/WH/6hc8tQ+h8wnovDP0HBeh7o1KSshEbZ584njcOTHTTsw==",
        "dependencies": {
          "Microsoft.Extensions.AI.Abstractions": "10.0.1",
          "OpenAI": "2.7.0",
          "System.Memory.Data": "10.0.0",
          "System.Text.Json": "10.0.0"
        }
      },
      "Microsoft.Extensions.Caching.Abstractions": {
        "type": "Transitive",
        "resolved": "10.0.2",
        "contentHash": "WIRPDa/qoKHmJhTAPCO/zLu9kRLQ2Fd6HD5tzgdXJ3xGEVXDHP6FvakKJjynwKrVDld8H4G4tcbW53wuC/wxMQ==",
        "dependencies": {
          "Microsoft.Extensions.Primitives": "10.0.2"
        }
      },
      "Microsoft.Extensions.DependencyInjection": {
        "type": "Transitive",
        "resolved": "10.0.2",
        "contentHash": "J/Zmp6fY93JbaiZ11ckWvcyxMPjD6XVwIHQXBjryTBgn7O6O20HYg9uVLFcZlNfgH78MnreE/7EH+hjfzn7VyA==",
        "dependencies": {
          "Microsoft.Extensions.DependencyInjection.Abstractions": "10.0.2"
        }
      },
      "Microsoft.Extensions.DependencyInjection.Abstractions": {
        "type": "Transitive",
        "resolved": "10.0.2",
        "contentHash": "zOIurr59+kUf9vNcsUkCvKWZv+fPosUZXURZesYkJCvl0EzTc9F7maAO4Cd2WEV7ZJJ0AZrFQvuH6Npph9wdBw=="
      },
      "Microsoft.Extensions.Logging.Abstractions": {
        "type": "Transitive",
        "resolved": "10.0.2",
        "contentHash": "RZkez/JjpnO+MZ6efKkSynN6ZztLpw3WbxNzjLCPBd97wWj1S9ZYPWi0nmT4kWBRa6atHsdM1ydGkUr8GudyDQ==",
        "dependencies": {
          "Microsoft.Extensions.DependencyInjection.Abstractions": "10.0.2",
          "System.Diagnostics.DiagnosticSource": "10.0.2"
        }
      },
      "Microsoft.Extensions.Primitives": {
        "type": "Transitive",
        "resolved": "10.0.2",
        "contentHash": "QmSiO+oLBEooGgB3i0GRXyeYRDHjllqt3k365jwfZlYWhvSHA3UL2NEVV5m8aZa041eIlblo6KMI5txvTMpTwA=="
      },
      "Microsoft.Extensions.VectorData.Abstractions": {
        "type": "Transitive",
        "resolved": "9.7.0",
        "contentHash": "Vth/omSCX2vR0JabzSRU/hdPhr0CvUVZlaS2lJPWHrEwvak8ntrQLDtLMtMiWKSvviGBe/WmjUW8gA3qqn9tjw==",
        "dependencies": {
          "Microsoft.Extensions.AI.Abstractions": "9.5.0"
        }
      },
      "Microsoft.SemanticKernel.Abstractions": {
        "type": "Transitive",
        "resolved": "1.71.0",
        "contentHash": "TcnfCMqFkUO/erduz6SD06sqMLc5brA520kbKuZ/eUTnDY8r88/Zom4yC1j3YAVLRFVyegPIePKCdyjsIUgLOg==",
        "dependencies": {
          "Microsoft.Bcl.HashCode": "1.1.1",
          "Microsoft.Extensions.AI": "10.2.0",
          "Microsoft.Extensions.VectorData.Abstractions": "9.7.0",
          "System.Linq.AsyncEnumerable": "10.0.2",
          "System.Text.Json": "10.0.2"
        }
      },
      "Microsoft.SemanticKernel.Connectors.AzureOpenAI": {
        "type": "Transitive",
        "resolved": "1.71.0",
        "contentHash": "C2C3y8iZkwVgGyKH+akKis1dKp3U5QaiaeEKeM63mo8Y9lEnWk6hOGmXRo8yaqMEasroY8T1+vPZQ/BJGITIgg==",
        "dependencies": {
          "Azure.AI.OpenAI": "2.7.0-beta.2",
          "Microsoft.SemanticKernel.Connectors.OpenAI": "1.71.0",
          "Microsoft.SemanticKernel.Core": "1.71.0"
        }
      },
      "Microsoft.SemanticKernel.Connectors.OpenAI": {
        "type": "Transitive",
        "resolved": "1.71.0",
        "contentHash": "o9ABfu/C+sbS63wXCL7rEcsAiyeZOXe1x2Mh3dduM1r5hw7vyuAw7XKgD0Z9b8oqPXIfKES3gEsmsMHoPxPtLQ==",
        "dependencies": {
          "Microsoft.Extensions.AI.OpenAI": "10.0.1-preview.1.25571.5",
          "Microsoft.SemanticKernel.Core": "1.71.0",
          "OpenAI": "2.7.0"
        }
      },
      "Microsoft.SemanticKernel.Core": {
        "type": "Transitive",
        "resolved": "1.71.0",
        "contentHash": "z3yTf23PhJhEASnT57JQMt7AM+DpnSST4i+2Q59uk2CVZAFotiLJtI2MHyo3P+MegNy++Zf5gmBi31Ymq6pI/Q==",
        "dependencies": {
          "Microsoft.Extensions.DependencyInjection": "10.0.2",
          "Microsoft.SemanticKernel.Abstractions": "1.71.0",
          "System.Numerics.Tensors": "10.0.2"
        }
      },
      "OpenAI": {
        "type": "Transitive",
        "resolved": "2.7.0",
        "contentHash": "zodE/lrDzSUxgFzuHP+fiR56VBQZyy3H7le8VH9fiuB8SCgs7YSKpK/pwSpYZln3HVX6RyPDuALIOVPQMhnRFQ==",
        "dependencies": {
          "System.ClientModel": "1.8.1",
          "System.Net.ServerSentEvents": "9.0.9"
        }
      },
      "System.ClientModel": {
        "type": "Transitive",
        "resolved": "1.8.1",
        "contentHash": "4oUQgw/vaO4FBOk3YsH40hbrjxRED1l95rRLvTMtHXfQxapXya9IfPpm/KgwValFFtYTfYGFOs/qzGmGyexicQ==",
        "dependencies": {
          "Microsoft.Extensions.Logging.Abstractions": "8.0.3",
          "System.Memory.Data": "8.0.1"
        }
      },
      "System.Collections.Immutable": {
        "type": "Transitive",
        "resolved": "9.0.0",
        "contentHash": "QhkXUl2gNrQtvPmtBTQHb0YsUrDiDQ2QS09YbtTTiSjGcf7NBqtYbrG/BE06zcBPCKEwQGzIv13IVdXNOSub2w=="
      },
      "System.Diagnostics.DiagnosticSource": {
        "type": "Transitive",
        "resolved": "10.0.2",
        "contentHash": "lYWBy8fKkJHaRcOuw30d67PrtVjR5754sz5Wl76s8P+vJ9FSThh9b7LIcTSODx1LY7NB3Srvg+JMnzd67qNZOw=="
      },
      "System.IO.Pipelines": {
        "type": "Transitive",
        "resolved": "10.0.2",
        "contentHash": "EqMsn9r18ABvTDxrDce4OWDhBE3y+rR23ilG7Y3BudDKrDKrLG/hkD/JmeFZbctAPxSkCjyJ/Ddwbn/g7ufRJA=="
      },
      "System.Linq.AsyncEnumerable": {
        "type": "Transitive",
        "resolved": "10.0.2",
        "contentHash": "W0iDxrcnNJAbm0WSSZ8Z6PtN27+ETwfj3HUtERP/sfLMjPFGAS79lZ0uPS/6OxsIy0MEjprPH2nERRhNMuddDw=="
      },
      "System.Memory.Data": {
        "type": "Transitive",
        "resolved": "10.0.0",
        "contentHash": "r+m+05b+TndDQIN6/yMkotk7wNsUPpYgLKOac8QR9DdU9gcPTJIU1RoyXY8otCqPxH55XF4hewEt6lJu0lSz3Q==",
        "dependencies": {
          "System.Text.Json": "10.0.0"
        }
      },
      "System.Net.ServerSentEvents": {
        "type": "Transitive",
        "resolved": "9.0.9",
        "contentHash": "zEISfefh8BYD5m+GMsYJnodiTaz2fDBEOrLgYH7VsQhMIzNkcuSsg9Df/d3zywYX5ohCyCJ5AOax50XLKnXyjw=="
      },
      "System.Reflection.Metadata": {
        "type": "Transitive",
        "resolved": "9.0.0",
        "contentHash": "ANiqLu3DxW9kol/hMmTWbt3414t9ftdIuiIU7j80okq2YzAueo120M442xk1kDJWtmZTqWQn7wHDvMRipVOEOQ==",
        "dependencies": {
          "System.Collections.Immutable": "9.0.0"
        }
      },
      "System.Text.Encodings.Web": {
        "type": "Transitive",
        "resolved": "10.0.2",
        "contentHash": "Ro4cLT4qpRy64crfLAy3ekihtXckeXrD5eI6qb6NDSEVyHcHsmH7KgN4dbnIuiBmXIoaCslx4SynLYxag1SLSQ=="
      },
      "System.Threading.Channels": {
        "type": "Transitive",
        "resolved": "10.0.2",
        "contentHash": "knsF221yxwV4R17WUjMD/AlE3+po8q0D94GYwHN/grrSs3t7WSzQyJi0vIQ9e52jeHRU9XFf5AI6BnRS+G3RAA=="
      },
      "Microsoft.CodeAnalysis.CSharp": {
        "type": "CentralTransitive",
        "requested": "[5.0.0, )",
        "resolved": "5.0.0",
        "contentHash": "5DSyJ9bk+ATuDy7fp2Zt0mJStDVKbBoiz1DyfAwSa+k4H4IwykAUcV3URelw5b8/iVbfSaOwkwmPUZH6opZKCw==",
        "dependencies": {
          "Microsoft.CodeAnalysis.Analyzers": "3.11.0",
          "Microsoft.CodeAnalysis.Common": "[5.0.0]",
          "System.Collections.Immutable": "9.0.0",
          "System.Reflection.Metadata": "9.0.0"
        }
      },
      "Microsoft.CSharp": {
        "type": "CentralTransitive",
        "requested": "[4.7.0, )",
        "resolved": "4.7.0",
        "contentHash": "pTj+D3uJWyN3My70i2Hqo+OXixq3Os2D1nJ2x92FFo6sk8fYS1m1WLNTs0Dc1uPaViH0YvEEwvzddQ7y4rhXmA=="
      },
      "Microsoft.Extensions.AI": {
        "type": "CentralTransitive",
        "requested": "[10.2.0, )",
        "resolved": "10.2.0",
        "contentHash": "hKLdKfwzwQ30Z5hA1DwHFvJJtRuyPmf41Es6t8DXW4PE/6caWK4qSDRY3i+QYmYbIVXnPlVR5xXQjYNz07giNg==",
        "dependencies": {
          "Microsoft.Extensions.AI.Abstractions": "10.2.0",
          "Microsoft.Extensions.Caching.Abstractions": "10.0.2",
          "Microsoft.Extensions.DependencyInjection.Abstractions": "10.0.2",
          "Microsoft.Extensions.Logging.Abstractions": "10.0.2",
          "System.Diagnostics.DiagnosticSource": "10.0.2",
          "System.Numerics.Tensors": "10.0.2",
          "System.Text.Json": "10.0.2",
          "System.Threading.Channels": "10.0.2"
        }
      },
      "Microsoft.SemanticKernel": {
        "type": "CentralTransitive",
        "requested": "[1.71.0, )",
        "resolved": "1.71.0",
        "contentHash": "355HqTaMuk1LTYBvf5Ls+cxci3DM4TdJIf3cV1Lz1xfXPlUsgQJiPFQqcFAfw/8UcTsJS9mz2NJLyZI2DKkulA==",
        "dependencies": {
          "Microsoft.SemanticKernel.Connectors.AzureOpenAI": "1.71.0",
          "Microsoft.SemanticKernel.Core": "1.71.0"
        }
      },
      "System.ComponentModel.Annotations": {
        "type": "CentralTransitive",
        "requested": "[5.0.0, )",
        "resolved": "5.0.0",
        "contentHash": "dMkqfy2el8A8/I76n2Hi1oBFEbG1SfxD2l5nhwXV3XjlnOmwxJlQbYpJH4W51odnU9sARCSAgv7S3CyAFMkpYg=="
      },
      "System.Numerics.Tensors": {
        "type": "CentralTransitive",
        "requested": "[10.0.2, )",
        "resolved": "10.0.2",
        "contentHash": "EzimXy5WX7RJxf1pHBfolBApA4GR7qje1cY9XofD4C+cQepx0a5ZVlZjde8NHk+W1+6kltrbbfa8LIOVpTM6yQ=="
      },
      "System.Text.Json": {
        "type": "CentralTransitive",
        "requested": "[10.0.2, )",
        "resolved": "10.0.2",
        "contentHash": "zy8ey7I16G9neZ6uzxrnYwS7pidElzN8XarsBjGu7lE2m7afTKMEe18KbY3ZSmh/z/bR40oxjd6hlUcmOEaMHw==",
        "dependencies": {
          "System.IO.Pipelines": "10.0.2",
          "System.Text.Encodings.Web": "10.0.2"
        }
      }
    }
  }
}