
Microsoft Visual Studio Solution File, Format Version 12.00
# Visual Studio Version 17
VisualStudioVersion = 17.6.33829.357
MinimumVisualStudioVersion = 10.0.40219.1
Project("{9A19103F-16F7-4668-BE54-9A1E7A4F7556}") = "TypeChat", "src\typechat\TypeChat.csproj", "{E682D47B-D290-4CD1-8D7A-EC00FD323D9B}"
EndProject
Project("{9A19103F-16F7-4668-BE54-9A1E7A4F7556}") = "TypeChat.SemanticKernel", "src\typechat.sk\TypeChat.SemanticKernel.csproj", "{3E986252-C73E-4FD5-99A1-CE2FAB8899FC}"
EndProject
Project("{9A19103F-16F7-4668-BE54-9A1E7A4F7556}") = "TypeChat.Tests", "tests\TypeChat.Tests.csproj", "{E96D1542-438E-4ED9-A8B8-203DC8620FC2}"
EndProject
Project("{2150E333-8FDC-42A3-9474-1A3956D46DE8}") = "Solution Items", "Solution Items", "{4EE943BA-EA53-4CD2-A2E3-7B2A2C61FAE3}"
	ProjectSection(SolutionItems) = preProject
		README.md = README.md
	EndProjectSection
EndProject
Project("{2150E333-8FDC-42A3-9474-1A3956D46DE8}") = "examples", "examples", "{179655A3-3581-45F4-BE46-1BF4FABA7F97}"
	ProjectSection(SolutionItems) = preProject
		examples\appSettings.Development.json = examples\appSettings.Development.json
		examples\appSettings.json = examples\appSettings.json
		examples\Directory.Build.targets = examples\Directory.Build.targets
	EndProjectSection
EndProject
Project("{9A19103F-16F7-4668-BE54-9A1E7A4F7556}") = "Sentiment", "examples\Sentiment\Sentiment.csproj", "{68E9AF34-7982-4BA4-864D-D24DF937A6A2}"
EndProject
Project("{9A19103F-16F7-4668-BE54-9A1E7A4F7556}") = "TypeChat.App", "src\typechat.app\TypeChat.App.csproj", "{4F6278AB-D48C-43B8-BEF5-F28B1150B3C7}"
EndProject
Project("{9A19103F-16F7-4668-BE54-9A1E7A4F7556}") = "TypeChat.Schema", "src\typechat.schema\TypeChat.Schema.csproj", "{6A28E737-6B93-4E01-A11B-0EAF1392B4E7}"
EndProject
Project("{9A19103F-16F7-4668-BE54-9A1E7A4F7556}") = "CoffeeShop", "examples\CoffeeShop\CoffeeShop.csproj", "{AB618076-FA46-4014-871A-B78179E248FF}"
EndProject
Project("{9A19103F-16F7-4668-BE54-9A1E7A4F7556}") = "CoffeeShop2", "examples\CoffeeShop2\CoffeeShop2.csproj", "{67AC4986-54B8-490F-8582-657651E3E62C}"
EndProject
Project("{9A19103F-16F7-4668-BE54-9A1E7A4F7556}") = "TypeChat.Program", "src\typechat.program\TypeChat.Program.csproj", "{C223E3DB-9B2E-4839-A56E-838030300938}"
EndProject
Project("{9A19103F-16F7-4668-BE54-9A1E7A4F7556}") = "Math", "examples\Math\Math.csproj", "{131566E6-2B78-486C-AFF5-7202A437E79F}"
EndProject
Project("{9A19103F-16F7-4668-BE54-9A1E7A4F7556}") = "Restaurant", "examples\Restaurant\Restaurant.csproj", "{D78553D9-4CBD-4C3A-A11B-58EA0077FD84}"
EndProject
Project("{9A19103F-16F7-4668-BE54-9A1E7A4F7556}") = "Calendar", "examples\Calendar\Calendar.csproj", "{A6E4FA5A-116E-4770-8BD2-31185FA13632}"
EndProject
Project("{9A19103F-16F7-4668-BE54-9A1E7A4F7556}") = "Plugins", "examples\Plugins\Plugins.csproj", "{5F8B1030-2D87-4942-BCB3-271B4541BAF3}"
EndProject
Project("{9A19103F-16F7-4668-BE54-9A1E7A4F7556}") = "MultiSchema", "examples\MultiSchema\MultiSchema.csproj", "{9598D98A-3688-45E5-9C51-1C4F385BD693}"
EndProject
Project("{FAE04EC0-301F-11D3-BF4B-00C04F79EFBC}") = "TypeChat.Dialog", "src\typechat.dialog\TypeChat.Dialog.csproj", "{DDE39125-BE33-41DC-B536-7185CD374797}"
EndProject
Project("{FAE04EC0-301F-11D3-BF4B-00C04F79EFBC}") = "Bookstore", "examples\Bookstore\Bookstore.csproj", "{19288695-45EF-4A29-B2A7-33DCE40F9393}"
EndProject
Global
	GlobalSection(SolutionConfigurationPlatforms) = preSolution
		Debug|Any CPU = Debug|Any CPU
		Release|Any CPU = Release|Any CPU
	EndGlobalSection
	GlobalSection(ProjectConfigurationPlatforms) = postSolution
		{E682D47B-D290-4CD1-8D7A-EC00FD323D9B}.Debug|Any CPU.ActiveCfg = Debug|Any CPU
		{E682D47B-D290-4CD1-8D7A-EC00FD323D9B}.Debug|Any CPU.Build.0 = Debug|Any CPU
		{E682D47B-D290-4CD1-8D7A-EC00FD323D9B}.Release|Any CPU.ActiveCfg = Release|Any CPU
		{E682D47B-D290-4CD1-8D7A-EC00FD323D9B}.Release|Any CPU.Build.0 = Release|Any CPU
		{3E986252-C73E-4FD5-99A1-CE2FAB8899FC}.Debug|Any CPU.ActiveCfg = Debug|Any CPU
		{3E986252-C73E-4FD5-99A1-CE2FAB8899FC}.Debug|Any CPU.Build.0 = Debug|Any CPU
		{3E986252-C73E-4FD5-99A1-CE2FAB8899FC}.Release|Any CPU.ActiveCfg = Release|Any CPU
		{3E986252-C73E-4FD5-99A1-CE2FAB8899FC}.Release|Any CPU.Build.0 = Release|Any CPU
		{E96D1542-438E-4ED9-A8B8-203DC8620FC2}.Debug|Any CPU.ActiveCfg = Debug|Any CPU
		{E96D1542-438E-4ED9-A8B8-203DC8620FC2}.Debug|Any CPU.Build.0 = Debug|Any CPU
		{E96D1542-438E-4ED9-A8B8-203DC8620FC2}.Release|Any CPU.ActiveCfg = Release|Any CPU
		{E96D1542-438E-4ED9-A8B8-203DC8620FC2}.Release|Any CPU.Build.0 = Release|Any CPU
		{68E9AF34-7982-4BA4-864D-D24DF937A6A2}.Debug|Any CPU.ActiveCfg = Debug|Any CPU
		{68E9AF34-7982-4BA4-864D-D24DF937A6A2}.Debug|Any CPU.Build.0 = Debug|Any CPU
		{68E9AF34-7982-4BA4-864D-D24DF937A6A2}.Release|Any CPU.ActiveCfg = Release|Any CPU
		{68E9AF34-7982-4BA4-864D-D24DF937A6A2}.Release|Any CPU.Build.0 = Release|Any CPU
		{4F6278AB-D48C-43B8-BEF5-F28B1150B3C7}.Debug|Any CPU.ActiveCfg = Debug|Any CPU
		{4F6278AB-D48C-43B8-BEF5-F28B1150B3C7}.Debug|Any CPU.Build.0 = Debug|Any CPU
		{4F6278AB-D48C-43B8-BEF5-F28B1150B3C7}.Release|Any CPU.ActiveCfg = Release|Any CPU
		{4F6278AB-D48C-43B8-BEF5-F28B1150B3C7}.Release|Any CPU.Build.0 = Release|Any CPU
		{6A28E737-6B93-4E01-A11B-0EAF1392B4E7}.Debug|Any CPU.ActiveCfg = Debug|Any CPU
		{6A28E737-6B93-4E01-A11B-0EAF1392B4E7}.Debug|Any CPU.Build.0 = Debug|Any CPU
		{6A28E737-6B93-4E01-A11B-0EAF1392B4E7}.Release|Any CPU.ActiveCfg = Release|Any CPU
		{6A28E737-6B93-4E01-A11B-0EAF1392B4E7}.Release|Any CPU.Build.0 = Release|Any CPU
		{AB618076-FA46-4014-871A-B78179E248FF}.Debug|Any CPU.ActiveCfg = Debug|Any CPU
		{AB618076-FA46-4014-871A-B78179E248FF}.Debug|Any CPU.Build.0 = Debug|Any CPU
		{AB618076-FA46-4014-871A-B78179E248FF}.Release|Any CPU.ActiveCfg = Release|Any CPU
		{AB618076-FA46-4014-871A-B78179E248FF}.Release|Any CPU.Build.0 = Release|Any CPU
		{67AC4986-54B8-490F-8582-657651E3E62C}.Debug|Any CPU.ActiveCfg = Debug|Any CPU
		{67AC4986-54B8-490F-8582-657651E3E62C}.Debug|Any CPU.Build.0 = Debug|Any CPU
		{67AC4986-54B8-490F-8582-657651E3E62C}.Release|Any CPU.ActiveCfg = Release|Any CPU
		{67AC4986-54B8-490F-8582-657651E3E62C}.Release|Any CPU.Build.0 = Release|Any CPU
		{C223E3DB-9B2E-4839-A56E-838030300938}.Debug|Any CPU.ActiveCfg = Debug|Any CPU
		{C223E3DB-9B2E-4839-A56E-838030300938}.Debug|Any CPU.Build.0 = Debug|Any CPU
		{C223E3DB-9B2E-4839-A56E-838030300938}.Release|Any CPU.ActiveCfg = Release|Any CPU
		{C223E3DB-9B2E-4839-A56E-838030300938}.Release|Any CPU.Build.0 = Release|Any CPU
		{131566E6-2B78-486C-AFF5-7202A437E79F}.Debug|Any CPU.ActiveCfg = Debug|Any CPU
		{131566E6-2B78-486C-AFF5-7202A437E79F}.Debug|Any CPU.Build.0 = Debug|Any CPU
		{131566E6-2B78-486C-AFF5-7202A437E79F}.Release|Any CPU.ActiveCfg = Release|Any CPU
		{131566E6-2B78-486C-AFF5-7202A437E79F}.Release|Any CPU.Build.0 = Release|Any CPU
		{D78553D9-4CBD-4C3A-A11B-58EA0077FD84}.Debug|Any CPU.ActiveCfg = Debug|Any CPU
		{D78553D9-4CBD-4C3A-A11B-58EA0077FD84}.Debug|Any CPU.Build.0 = Debug|Any CPU
		{D78553D9-4CBD-4C3A-A11B-58EA0077FD84}.Release|Any CPU.ActiveCfg = Release|Any CPU
		{D78553D9-4CBD-4C3A-A11B-58EA0077FD84}.Release|Any CPU.Build.0 = Release|Any CPU
		{A6E4FA5A-116E-4770-8BD2-31185FA13632}.Debug|Any CPU.ActiveCfg = Debug|Any CPU
		{A6E4FA5A-116E-4770-8BD2-31185FA13632}.Debug|Any CPU.Build.0 = Debug|Any CPU
		{A6E4FA5A-116E-4770-8BD2-31185FA13632}.Release|Any CPU.ActiveCfg = Release|Any CPU
		{A6E4FA5A-116E-4770-8BD2-31185FA13632}.Release|Any CPU.Build.0 = Release|Any CPU
		{5F8B1030-2D87-4942-BCB3-271B4541BAF3}.Debug|Any CPU.ActiveCfg = Debug|Any CPU
		{5F8B1030-2D87-4942-BCB3-271B4541BAF3}.Debug|Any CPU.Build.0 = Debug|Any CPU
		{5F8B1030-2D87-4942-BCB3-271B4541BAF3}.Release|Any CPU.ActiveCfg = Release|Any CPU
		{5F8B1030-2D87-4942-BCB3-271B4541BAF3}.Release|Any CPU.Build.0 = Release|Any CPU
		{9598D98A-3688-45E5-9C51-1C4F385BD693}.Debug|Any CPU.ActiveCfg = Debug|Any CPU
		{9598D98A-3688-45E5-9C51-1C4F385BD693}.Debug|Any CPU.Build.0 = Debug|Any CPU
		{9598D98A-3688-45E5-9C51-1C4F385BD693}.Release|Any CPU.ActiveCfg = Release|Any CPU
		{9598D98A-3688-45E5-9C51-1C4F385BD693}.Release|Any CPU.Build.0 = Release|Any CPU
		{DDE39125-BE33-41DC-B536-7185CD374797}.Debug|Any CPU.ActiveCfg = Debug|Any CPU
		{DDE39125-BE33-41DC-B536-7185CD374797}.Debug|Any CPU.Build.0 = Debug|Any CPU
		{DDE39125-BE33-41DC-B536-7185CD374797}.Release|Any CPU.ActiveCfg = Release|Any CPU
		{DDE39125-BE33-41DC-B536-7185CD374797}.Release|Any CPU.Build.0 = Release|Any CPU
		{19288695-45EF-4A29-B2A7-33DCE40F9393}.Debug|Any CPU.ActiveCfg = Debug|Any CPU
		{19288695-45EF-4A29-B2A7-33DCE40F9393}.Debug|Any CPU.Build.0 = Debug|Any CPU
		{19288695-45EF-4A29-B2A7-33DCE40F9393}.Release|Any CPU.ActiveCfg = Release|Any CPU
		{19288695-45EF-4A29-B2A7-33DCE40F9393}.Release|Any CPU.Build.0 = Release|Any CPU
	EndGlobalSection
	GlobalSection(SolutionProperties) = preSolution
		HideSolutionNode = FALSE
	EndGlobalSection
	GlobalSection(NestedProjects) = preSolution
		{68E9AF34-7982-4BA4-864D-D24DF937A6A2} = {179655A3-3581-45F4-BE46-1BF4FABA7F97}
		{AB618076-FA46-4014-871A-B78179E248FF} = {179655A3-3581-45F4-BE46-1BF4FABA7F97}
		{67AC4986-54B8-490F-8582-657651E3E62C} = {179655A3-3581-45F4-BE46-1BF4FABA7F97}
		{131566E6-2B78-486C-AFF5-7202A437E79F} = {179655A3-3581-45F4-BE46-1BF4FABA7F97}
		{D78553D9-4CBD-4C3A-A11B-58EA0077FD84} = {179655A3-3581-45F4-BE46-1BF4FABA7F97}
		{A6E4FA5A-116E-4770-8BD2-31185FA13632} = {179655A3-3581-45F4-BE46-1BF4FABA7F97}
		{5F8B1030-2D87-4942-BCB3-271B4541BAF3} = {179655A3-3581-45F4-BE46-1BF4FABA7F97}
		{9598D98A-3688-45E5-9C51-1C4F385BD693} = {179655A3-3581-45F4-BE46-1BF4FABA7F97}
		{19288695-45EF-4A29-B2A7-33DCE40F9393} = {179655A3-3581-45F4-BE46-1BF4FABA7F97}
	EndGlobalSection
	GlobalSection(ExtensibilityGlobals) = postSolution
		SolutionGuid = {8A9AF678-E669-4AF2-9644-7EBB970DAC41}
	EndGlobalSection
EndGlobal
