
Microsoft Visual Studio Solution File, Format Version 12.00
# Visual Studio Version 17
VisualStudioVersion = 17.6.33829.357
MinimumVisualStudioVersion = 10.0.40219.1
Project("{9A19103F-16F7-4668-BE54-9A1E7A4F7556}") = "TypeChat.SemanticKernel", "src\typechat.sk\TypeChat.SemanticKernel.csproj", "{3E986252-C73E-4FD5-99A1-CE2FAB8899FC}"
EndProject
Project("{2150E333-8FDC-42A3-9474-1A3956D46DE8}") = "Solution Items", "Solution Items", "{4EE943BA-EA53-4CD2-A2E3-7B2A2C61FAE3}"
	ProjectSection(SolutionItems) = preProject
		README.md = README.md
	EndProjectSection
EndProject
Project("{2150E333-8FDC-42A3-9474-1A3956D46DE8}") = "examples", "examples", "{179655A3-3581-45F4-BE46-1BF4FABA7F97}"
	ProjectSection(SolutionItems) = preProject
		examples\appSettings.Development.json = examples\appSettings.Development.json
		examples\appSettings.json = examples\appSettings.json
		examples\Directory.Build.targets = examples\Directory.Build.targets
	EndProjectSection
EndProject
Project("{9A19103F-16F7-4668-BE54-9A1E7A4F7556}") = "Sentiment", "examples\Sentiment\Sentiment.csproj", "{68E9AF34-7982-4BA4-864D-D24DF937A6A2}"
EndProject
Project("{9A19103F-16F7-4668-BE54-9A1E7A4F7556}") = "TypeChat.App", "src\typechat.app\TypeChat.App.csproj", "{4F6278AB-D48C-43B8-BEF5-F28B1150B3C7}"
EndProject
Project("{9A19103F-16F7-4668-BE54-9A1E7A4F7556}") = "CoffeeShop", "examples\CoffeeShop\CoffeeShop.csproj", "{AB618076-FA46-4014-871A-B78179E248FF}"
EndProject
Project("{9A19103F-16F7-4668-BE54-9A1E7A4F7556}") = "CoffeeShop2", "examples\CoffeeShop2\CoffeeShop2.csproj", "{67AC4986-54B8-490F-8582-657651E3E62C}"
EndProject
Project("{9A19103F-16F7-4668-BE54-9A1E7A4F7556}") = "TypeChat.Program", "src\typechat.program\TypeChat.Program.csproj", "{C223E3DB-9B2E-4839-A56E-838030300938}"
EndProject
Project("{9A19103F-16F7-4668-BE54-9A1E7A4F7556}") = "Math", "examples\Math\Math.csproj", "{131566E6-2B78-486C-AFF5-7202A437E79F}"
EndProject
Project("{9A19103F-16F7-4668-BE54-9A1E7A4F7556}") = "Restaurant", "examples\Restaurant\Restaurant.csproj", "{D78553D9-4CBD-4C3A-A11B-58EA0077FD84}"
EndProject
Project("{9A19103F-16F7-4668-BE54-9A1E7A4F7556}") = "Calendar", "examples\Calendar\Calendar.csproj", "{A6E4FA5A-116E-4770-8BD2-31185FA13632}"
EndProject
Project("{9A19103F-16F7-4668-BE54-9A1E7A4F7556}") = "Plugins", "examples\Plugins\Plugins.csproj", "{5F8B1030-2D87-4942-BCB3-271B4541BAF3}"
EndProject
Project("{9A19103F-16F7-4668-BE54-9A1E7A4F7556}") = "MultiSchema", "examples\MultiSchema\MultiSchema.csproj", "{9598D98A-3688-45E5-9C51-1C4F385BD693}"
EndProject
Project("{9A19103F-16F7-4668-BE54-9A1E7A4F7556}") = "TypeChat.Dialog", "src\typechat.dialog\TypeChat.Dialog.csproj", "{DDE39125-BE33-41DC-B536-7185CD374797}"
EndProject
Project("{9A19103F-16F7-4668-BE54-9A1E7A4F7556}") = "HealthData", "examples\HealthData\HealthData.csproj", "{F4B127FE-CAB9-483E-AA79-6A2F8665C5FC}"
EndProject
Project("{9A19103F-16F7-4668-BE54-9A1E7A4F7556}") = "TypeChat", "src\typechat\TypeChat.csproj", "{EF1231C5-56C4-439F-84F0-FE5D5315D4AA}"
EndProject
Project("{9A19103F-16F7-4668-BE54-9A1E7A4F7556}") = "TypeChat.IntegrationTests", "tests\TypeChat.IntegrationTests\TypeChat.IntegrationTests.csproj", "{918FF1BA-C7F8-4A9C-9459-0247AC2BD3FE}"
EndProject
Project("{9A19103F-16F7-4668-BE54-9A1E7A4F7556}") = "TypeChat.TestLib", "tests\TypeChat.TestLib\TypeChat.TestLib.csproj", "{B7F278E8-CE85-4987-B292-F15238A80A75}"
EndProject
Project("{9A19103F-16F7-4668-BE54-9A1E7A4F7556}") = "SchemaHierarchy", "examples\SchemaHierarchy\SchemaHierarchy.csproj", "{6FDA463B-4A1E-4E3E-B508-A14910FAF579}"
EndProject
Project("{9A19103F-16F7-4668-BE54-9A1E7A4F7556}") = "TypeChat.UnitTests", "tests\TypeChat.UnitTests\TypeChat.UnitTests.csproj", "{C585B613-3BAF-4999-8FA5-7BF425AEB1E2}"
EndProject
Project("{2150E333-8FDC-42A3-9474-1A3956D46DE8}") = "tests", "tests", "{EAEA9E40-7370-407E-B2DA-3F6E265262BF}"
EndProject
Project("{9A19103F-16F7-4668-BE54-9A1E7A4F7556}") = "TypeChat.Tests.Pre6", "tests\TypeChat.Tests.Pre6\TypeChat.Tests.Pre6.csproj", "{DB1CDA33-7911-4F7A-A354-242E02EDCF83}"
EndProject
Global
	GlobalSection(SolutionConfigurationPlatforms) = preSolution
		Debug|Any CPU = Debug|Any CPU
		Release|Any CPU = Release|Any CPU
	EndGlobalSection
	GlobalSection(ProjectConfigurationPlatforms) = postSolution
		{3E986252-C73E-4FD5-99A1-CE2FAB8899FC}.Debug|Any CPU.ActiveCfg = Debug|Any CPU
		{3E986252-C73E-4FD5-99A1-CE2FAB8899FC}.Debug|Any CPU.Build.0 = Debug|Any CPU
		{3E986252-C73E-4FD5-99A1-CE2FAB8899FC}.Release|Any CPU.ActiveCfg = Release|Any CPU
		{3E986252-C73E-4FD5-99A1-CE2FAB8899FC}.Release|Any CPU.Build.0 = Release|Any CPU
		{68E9AF34-7982-4BA4-864D-D24DF937A6A2}.Debug|Any CPU.ActiveCfg = Debug|Any CPU
		{68E9AF34-7982-4BA4-864D-D24DF937A6A2}.Debug|Any CPU.Build.0 = Debug|Any CPU
		{68E9AF34-7982-4BA4-864D-D24DF937A6A2}.Release|Any CPU.ActiveCfg = Release|Any CPU
		{68E9AF34-7982-4BA4-864D-D24DF937A6A2}.Release|Any CPU.Build.0 = Release|Any CPU
		{4F6278AB-D48C-43B8-BEF5-F28B1150B3C7}.Debug|Any CPU.ActiveCfg = Debug|Any CPU
		{4F6278AB-D48C-43B8-BEF5-F28B1150B3C7}.Debug|Any CPU.Build.0 = Debug|Any CPU
		{4F6278AB-D48C-43B8-BEF5-F28B1150B3C7}.Release|Any CPU.ActiveCfg = Release|Any CPU
		{4F6278AB-D48C-43B8-BEF5-F28B1150B3C7}.Release|Any CPU.Build.0 = Release|Any CPU
		{AB618076-FA46-4014-871A-B78179E248FF}.Debug|Any CPU.ActiveCfg = Debug|Any CPU
		{AB618076-FA46-4014-871A-B78179E248FF}.Debug|Any CPU.Build.0 = Debug|Any CPU
		{AB618076-FA46-4014-871A-B78179E248FF}.Release|Any CPU.ActiveCfg = Release|Any CPU
		{AB618076-FA46-4014-871A-B78179E248FF}.Release|Any CPU.Build.0 = Release|Any CPU
		{67AC4986-54B8-490F-8582-657651E3E62C}.Debug|Any CPU.ActiveCfg = Debug|Any CPU
		{67AC4986-54B8-490F-8582-657651E3E62C}.Debug|Any CPU.Build.0 = Debug|Any CPU
		{67AC4986-54B8-490F-8582-657651E3E62C}.Release|Any CPU.ActiveCfg = Release|Any CPU
		{67AC4986-54B8-490F-8582-657651E3E62C}.Release|Any CPU.Build.0 = Release|Any CPU
		{C223E3DB-9B2E-4839-A56E-838030300938}.Debug|Any CPU.ActiveCfg = Debug|Any CPU
		{C223E3DB-9B2E-4839-A56E-838030300938}.Debug|Any CPU.Build.0 = Debug|Any CPU
		{C223E3DB-9B2E-4839-A56E-838030300938}.Release|Any CPU.ActiveCfg = Release|Any CPU
		{C223E3DB-9B2E-4839-A56E-838030300938}.Release|Any CPU.Build.0 = Release|Any CPU
		{131566E6-2B78-486C-AFF5-7202A437E79F}.Debug|Any CPU.ActiveCfg = Debug|Any CPU
		{131566E6-2B78-486C-AFF5-7202A437E79F}.Debug|Any CPU.Build.0 = Debug|Any CPU
		{131566E6-2B78-486C-AFF5-7202A437E79F}.Release|Any CPU.ActiveCfg = Release|Any CPU
		{131566E6-2B78-486C-AFF5-7202A437E79F}.Release|Any CPU.Build.0 = Release|Any CPU
		{D78553D9-4CBD-4C3A-A11B-58EA0077FD84}.Debug|Any CPU.ActiveCfg = Debug|Any CPU
		{D78553D9-4CBD-4C3A-A11B-58EA0077FD84}.Debug|Any CPU.Build.0 = Debug|Any CPU
		{D78553D9-4CBD-4C3A-A11B-58EA0077FD84}.Release|Any CPU.ActiveCfg = Release|Any CPU
		{D78553D9-4CBD-4C3A-A11B-58EA0077FD84}.Release|Any CPU.Build.0 = Release|Any CPU
		{A6E4FA5A-116E-4770-8BD2-31185FA13632}.Debug|Any CPU.ActiveCfg = Debug|Any CPU
		{A6E4FA5A-116E-4770-8BD2-31185FA13632}.Debug|Any CPU.Build.0 = Debug|Any CPU
		{A6E4FA5A-116E-4770-8BD2-31185FA13632}.Release|Any CPU.ActiveCfg = Release|Any CPU
		{A6E4FA5A-116E-4770-8BD2-31185FA13632}.Release|Any CPU.Build.0 = Release|Any CPU
		{5F8B1030-2D87-4942-BCB3-271B4541BAF3}.Debug|Any CPU.ActiveCfg = Debug|Any CPU
		{5F8B1030-2D87-4942-BCB3-271B4541BAF3}.Debug|Any CPU.Build.0 = Debug|Any CPU
		{5F8B1030-2D87-4942-BCB3-271B4541BAF3}.Release|Any CPU.ActiveCfg = Release|Any CPU
		{5F8B1030-2D87-4942-BCB3-271B4541BAF3}.Release|Any CPU.Build.0 = Release|Any CPU
		{9598D98A-3688-45E5-9C51-1C4F385BD693}.Debug|Any CPU.ActiveCfg = Debug|Any CPU
		{9598D98A-3688-45E5-9C51-1C4F385BD693}.Debug|Any CPU.Build.0 = Debug|Any CPU
		{9598D98A-3688-45E5-9C51-1C4F385BD693}.Release|Any CPU.ActiveCfg = Release|Any CPU
		{9598D98A-3688-45E5-9C51-1C4F385BD693}.Release|Any CPU.Build.0 = Release|Any CPU
		{DDE39125-BE33-41DC-B536-7185CD374797}.Debug|Any CPU.ActiveCfg = Debug|Any CPU
		{DDE39125-BE33-41DC-B536-7185CD374797}.Debug|Any CPU.Build.0 = Debug|Any CPU
		{DDE39125-BE33-41DC-B536-7185CD374797}.Release|Any CPU.ActiveCfg = Release|Any CPU
		{DDE39125-BE33-41DC-B536-7185CD374797}.Release|Any CPU.Build.0 = Release|Any CPU
		{F4B127FE-CAB9-483E-AA79-6A2F8665C5FC}.Debug|Any CPU.ActiveCfg = Debug|Any CPU
		{F4B127FE-CAB9-483E-AA79-6A2F8665C5FC}.Debug|Any CPU.Build.0 = Debug|Any CPU
		{F4B127FE-CAB9-483E-AA79-6A2F8665C5FC}.Release|Any CPU.ActiveCfg = Release|Any CPU
		{F4B127FE-CAB9-483E-AA79-6A2F8665C5FC}.Release|Any CPU.Build.0 = Release|Any CPU
		{EF1231C5-56C4-439F-84F0-FE5D5315D4AA}.Debug|Any CPU.ActiveCfg = Debug|Any CPU
		{EF1231C5-56C4-439F-84F0-FE5D5315D4AA}.Debug|Any CPU.Build.0 = Debug|Any CPU
		{EF1231C5-56C4-439F-84F0-FE5D5315D4AA}.Release|Any CPU.ActiveCfg = Release|Any CPU
		{EF1231C5-56C4-439F-84F0-FE5D5315D4AA}.Release|Any CPU.Build.0 = Release|Any CPU
		{918FF1BA-C7F8-4A9C-9459-0247AC2BD3FE}.Debug|Any CPU.ActiveCfg = Debug|Any CPU
		{918FF1BA-C7F8-4A9C-9459-0247AC2BD3FE}.Debug|Any CPU.Build.0 = Debug|Any CPU
		{918FF1BA-C7F8-4A9C-9459-0247AC2BD3FE}.Release|Any CPU.ActiveCfg = Release|Any CPU
		{918FF1BA-C7F8-4A9C-9459-0247AC2BD3FE}.Release|Any CPU.Build.0 = Release|Any CPU
		{B7F278E8-CE85-4987-B292-F15238A80A75}.Debug|Any CPU.ActiveCfg = Debug|Any CPU
		{B7F278E8-CE85-4987-B292-F15238A80A75}.Debug|Any CPU.Build.0 = Debug|Any CPU
		{B7F278E8-CE85-4987-B292-F15238A80A75}.Release|Any CPU.ActiveCfg = Release|Any CPU
		{B7F278E8-CE85-4987-B292-F15238A80A75}.Release|Any CPU.Build.0 = Release|Any CPU
		{6FDA463B-4A1E-4E3E-B508-A14910FAF579}.Debug|Any CPU.ActiveCfg = Debug|Any CPU
		{6FDA463B-4A1E-4E3E-B508-A14910FAF579}.Debug|Any CPU.Build.0 = Debug|Any CPU
		{6FDA463B-4A1E-4E3E-B508-A14910FAF579}.Release|Any CPU.ActiveCfg = Release|Any CPU
		{6FDA463B-4A1E-4E3E-B508-A14910FAF579}.Release|Any CPU.Build.0 = Release|Any CPU
		{C585B613-3BAF-4999-8FA5-7BF425AEB1E2}.Debug|Any CPU.ActiveCfg = Debug|Any CPU
		{C585B613-3BAF-4999-8FA5-7BF425AEB1E2}.Debug|Any CPU.Build.0 = Debug|Any CPU
		{C585B613-3BAF-4999-8FA5-7BF425AEB1E2}.Release|Any CPU.ActiveCfg = Release|Any CPU
		{C585B613-3BAF-4999-8FA5-7BF425AEB1E2}.Release|Any CPU.Build.0 = Release|Any CPU
		{DB1CDA33-7911-4F7A-A354-242E02EDCF83}.Debug|Any CPU.ActiveCfg = Debug|Any CPU
		{DB1CDA33-7911-4F7A-A354-242E02EDCF83}.Debug|Any CPU.Build.0 = Debug|Any CPU
		{DB1CDA33-7911-4F7A-A354-242E02EDCF83}.Release|Any CPU.ActiveCfg = Release|Any CPU
		{DB1CDA33-7911-4F7A-A354-242E02EDCF83}.Release|Any CPU.Build.0 = Release|Any CPU
	EndGlobalSection
	GlobalSection(SolutionProperties) = preSolution
		HideSolutionNode = FALSE
	EndGlobalSection
	GlobalSection(NestedProjects) = preSolution
		{68E9AF34-7982-4BA4-864D-D24DF937A6A2} = {179655A3-3581-45F4-BE46-1BF4FABA7F97}
		{AB618076-FA46-4014-871A-B78179E248FF} = {179655A3-3581-45F4-BE46-1BF4FABA7F97}
		{67AC4986-54B8-490F-8582-657651E3E62C} = {179655A3-3581-45F4-BE46-1BF4FABA7F97}
		{131566E6-2B78-486C-AFF5-7202A437E79F} = {179655A3-3581-45F4-BE46-1BF4FABA7F97}
		{D78553D9-4CBD-4C3A-A11B-58EA0077FD84} = {179655A3-3581-45F4-BE46-1BF4FABA7F97}
		{A6E4FA5A-116E-4770-8BD2-31185FA13632} = {179655A3-3581-45F4-BE46-1BF4FABA7F97}
		{5F8B1030-2D87-4942-BCB3-271B4541BAF3} = {179655A3-3581-45F4-BE46-1BF4FABA7F97}
		{9598D98A-3688-45E5-9C51-1C4F385BD693} = {179655A3-3581-45F4-BE46-1BF4FABA7F97}
		{F4B127FE-CAB9-483E-AA79-6A2F8665C5FC} = {179655A3-3581-45F4-BE46-1BF4FABA7F97}
		{918FF1BA-C7F8-4A9C-9459-0247AC2BD3FE} = {EAEA9E40-7370-407E-B2DA-3F6E265262BF}
		{B7F278E8-CE85-4987-B292-F15238A80A75} = {EAEA9E40-7370-407E-B2DA-3F6E265262BF}
		{6FDA463B-4A1E-4E3E-B508-A14910FAF579} = {179655A3-3581-45F4-BE46-1BF4FABA7F97}
		{C585B613-3BAF-4999-8FA5-7BF425AEB1E2} = {EAEA9E40-7370-407E-B2DA-3F6E265262BF}
		{DB1CDA33-7911-4F7A-A354-242E02EDCF83} = {EAEA9E40-7370-407E-B2DA-3F6E265262BF}
	EndGlobalSection
	GlobalSection(ExtensibilityGlobals) = postSolution
		SolutionGuid = {8A9AF678-E669-4AF2-9644-7EBB970DAC41}
	EndGlobalSection
EndGlobal
